# This file is autogenerated, do not edit; changes may be undone by the next 'dep ensure'.


[[projects]]
  name = "github.com/gorilla/context"
  packages = ["."]
  revision = "1ea25387ff6f684839d82767c1733ff4d4d15d0a"
  version = "v1.1"

[[projects]]
  name = "github.com/gorilla/mux"
  packages = ["."]
  revision = "bcd8bc72b08df0f70df986b97f95590779502d31"
  version = "v1.4.0"

[[projects]]
  branch = "master"
  name = "github.com/hashicorp/logutils"
  packages = ["."]
  revision = "0dc08b1671f34c4250ce212759ebd880f743d883"

[[projects]]
  name = "github.com/otomato-gh/buildinfo"
  packages = ["."]
  revision = "5815ff23cf514325d06c30153ce9e0644c25b659"
  version = "v0.12"

[[projects]]
  name = "github.com/pact-foundation/pact-go"
  packages = ["dsl","types"]
  revision = "e5ab27bf2c64016e153ac8a5237aa4f34d42587a"
  version = "v0.0.9"

[[projects]]
  branch = "v2"
  name = "gopkg.in/mgo.v2"
  packages = [".","bson","internal/json","internal/sasl","internal/scram"]
  revision = "3f83fa5005286a7fe593b055f0d7771a7dce4655"

[solve-meta]
  analyzer-name = "dep"
  analyzer-version = 1
  inputs-digest = "7b8871a2fa41b09af633a5e324a7c9e2c8d3532f0a8f897dcabad4b84b9ddc19"
  solver-name = "gps-cdcl"
  solver-version = 1
